
Microsoft Visual Studio Solution File, Format Version 12.00
# Visual Studio 15
VisualStudioVersion = 15.0.27428.2005
MinimumVisualStudioVersion = 10.0.40219.1
Project("{FAE04EC0-301F-11D3-BF4B-00C04F79EFBC}") = "Consilium", "Consilium\Consilium.csproj", "{3B39620A-35DF-432A-9CF7-4A53F421664C}"
EndProject
Global
	GlobalSection(SolutionConfigurationPlatforms) = preSolution
		Debug|Any CPU = Debug|Any CPU
		Release|Any CPU = Release|Any CPU
	EndGlobalSection
	GlobalSection(ProjectConfigurationPlatforms) = postSolution
		{3B39620A-35DF-432A-9CF7-4A53F421664C}.Debug|Any CPU.ActiveCfg = Debug|Any CPU
		{3B39620A-35DF-432A-9CF7-4A53F421664C}.Debug|Any CPU.Build.0 = Debug|Any CPU
		{3B39620A-35DF-432A-9CF7-4A53F421664C}.Release|Any CPU.ActiveCfg = Release|Any CPU
		{3B39620A-35DF-432A-9CF7-4A53F421664C}.Release|Any CPU.Build.0 = Release|Any CPU
	EndGlobalSection
	GlobalSection(SolutionProperties) = preSolution
		HideSolutionNode = FALSE
	EndGlobalSection
	GlobalSection(ExtensibilityGlobals) = postSolution
		SolutionGuid = {355564D5-DBDF-4D17-B13A-9D12716D7A72}
	EndGlobalSection
EndGlobal
